
Microsoft Visual Studio Solution File, Format Version 12.00
# Visual Studio 2015
Project("{FAE04EC0-301F-11D3-BF4B-00C04F79EFBC}") = "Sim2.CSharp", "Sim2.CSharp.csproj", "{A504A4A7-4D1D-69F3-101A-FD7A155EE848}"
EndProject
Global
	GlobalSection(SolutionConfigurationPlatforms) = preSolution
		Debug|Any CPU = Debug|Any CPU
		Release|Any CPU = Release|Any CPU
	EndGlobalSection
	GlobalSection(ProjectConfigurationPlatforms) = postSolution
		{A504A4A7-4D1D-69F3-101A-FD7A155EE848}.Debug|Any CPU.ActiveCfg = Debug|Any CPU
		{A504A4A7-4D1D-69F3-101A-FD7A155EE848}.Debug|Any CPU.Build.0 = Debug|Any CPU
		{A504A4A7-4D1D-69F3-101A-FD7A155EE848}.Release|Any CPU.ActiveCfg = Release|Any CPU
		{A504A4A7-4D1D-69F3-101A-FD7A155EE848}.Release|Any CPU.Build.0 = Release|Any CPU
	EndGlobalSection
	GlobalSection(SolutionProperties) = preSolution
		HideSolutionNode = FALSE
	EndGlobalSection
EndGlobal
